<?xml version="1.0" encoding="utf-8"?>
<Project ToolsVersion="4.0" xmlns="http://schemas.microsoft.com/developer/msbuild/2003">
  <ItemGroup>
    <Filter Include="Source Files">
      <UniqueIdentifier>{4FC737F1-C7A5-4376-A066-2A32D752A2FF}</UniqueIdentifier>
      <Extensions>cpp;c;cc;cxx;def;odl;idl;hpj;bat;asm;asmx</Extensions>
    </Filter>
    <Filter Include="Header Files">
      <UniqueIdentifier>{93995380-89BD-4b04-88EB-625FBE52EBFB}</UniqueIdentifier>
      <Extensions>h;hpp;hxx;hm;inl;inc;xsd</Extensions>
    </Filter>
    <Filter Include="Shader">
      <UniqueIdentifier>{67DA6AB6-F800-4c08-8B7A-83BB121AAD01}</UniqueIdentifier>
      <Extensions>rc;ico;cur;bmp;dlg;rc2;rct;bin;rgs;gif;jpg;jpeg;jpe;resx;tiff;tif;png;wav;mfcribbon-ms</Extensions>
    </Filter>
    <Filter Include="PlayerInfo">
      <UniqueIdentifier>{ee63a848-364d-4119-9628-05cc3d6a4b17}</UniqueIdentifier>
    </Filter>
    <Filter Include="Projectile">
      <UniqueIdentifier>{e55b5c68-9d98-4cde-ba44-f0d28d0cf437}</UniqueIdentifier>
    </Filter>
    <Filter Include="SkyBox">
      <UniqueIdentifier>{37a125cd-b9e3-4b31-923e-1226145f54a1}</UniqueIdentifier>
    </Filter>
    <Filter Include="WeaponInfo">
      <UniqueIdentifier>{7dbec654-2f78-40a8-a3ff-38691d57358e}</UniqueIdentifier>
    </Filter>
    <Filter Include="SceneGraph">
      <UniqueIdentifier>{8ac2bec7-1ed0-4c0b-9aa8-0cc9515237eb}</UniqueIdentifier>
    </Filter>
    <Filter Include="SpatialPartition">
      <UniqueIdentifier>{802e439a-6b63-421f-9bce-337a839a36c4}</UniqueIdentifier>
    </Filter>
    <Filter Include="LevelOfDetails">
      <UniqueIdentifier>{3f38a962-a883-4f37-9a91-6979b4fc1f88}</UniqueIdentifier>
    </Filter>
    <Filter Include="Enemy">
      <UniqueIdentifier>{11c6fa70-be27-4ae3-8bda-63f0b4ea9b31}</UniqueIdentifier>
    </Filter>
    <Filter Include="FPSCamera">
      <UniqueIdentifier>{f78b1e5b-d8ab-4b08-bc42-c946cc76577c}</UniqueIdentifier>
    </Filter>
    <Filter Include="GenericEntity">
      <UniqueIdentifier>{0fd5f833-b876-4e8c-bd24-b97612e3606e}</UniqueIdentifier>
    </Filter>
    <Filter Include="GroundEntity">
      <UniqueIdentifier>{aeea0b23-a306-4735-852f-dd987037f5f6}</UniqueIdentifier>
    </Filter>
    <Filter Include="Light">
      <UniqueIdentifier>{266efbcd-515a-4f9f-8a31-02946fd91a37}</UniqueIdentifier>
    </Filter>
    <Filter Include="OBJMesh">
      <UniqueIdentifier>{75f66011-8df4-4fcf-b367-78114853a66c}</UniqueIdentifier>
    </Filter>
    <Filter Include="SceneText">
      <UniqueIdentifier>{bd07a0ac-b4ef-4ac6-9b1e-fcbe0dc59861}</UniqueIdentifier>
    </Filter>
    <Filter Include="SpriteEntity">
      <UniqueIdentifier>{2de8b58d-7bd8-47a6-bc5e-4d16ed26c8de}</UniqueIdentifier>
    </Filter>
    <Filter Include="TerrainManager">
      <UniqueIdentifier>{e95a150b-a963-474f-8a19-0de749050c70}</UniqueIdentifier>
    </Filter>
    <Filter Include="TextEntity">
      <UniqueIdentifier>{ac47bcb1-d78d-47a9-aa01-a1cebc75b497}</UniqueIdentifier>
    </Filter>
    <Filter Include="Application">
      <UniqueIdentifier>{530d18ac-c5ad-4276-8288-96cd04066e29}</UniqueIdentifier>
    </Filter>
    <Filter Include="EntityManager">
      <UniqueIdentifier>{8dc551ed-7592-4ef7-8b6f-d8297c2ad33f}</UniqueIdentifier>
    </Filter>
    <Filter Include="SceneEditor">
      <UniqueIdentifier>{0f910eed-cfe2-4f1c-bcec-e6f34721ed8b}</UniqueIdentifier>
    </Filter>
  </ItemGroup>
  <ItemGroup>
    <ClCompile Include="Source\main.cpp">
      <Filter>Source Files</Filter>
    </ClCompile>
    <ClCompile Include="Source\PlayerInfo\PlayerInfo.cpp">
      <Filter>PlayerInfo</Filter>
    </ClCompile>
    <ClCompile Include="Source\Projectile\Projectile.cpp">
      <Filter>Projectile</Filter>
    </ClCompile>
    <ClCompile Include="Source\SkyBox\SkyBoxEntity.cpp">
      <Filter>SkyBox</Filter>
    </ClCompile>
    <ClCompile Include="Source\WeaponInfo\Pistol.cpp">
      <Filter>WeaponInfo</Filter>
    </ClCompile>
    <ClCompile Include="Source\WeaponInfo\WeaponInfo.cpp">
      <Filter>WeaponInfo</Filter>
    </ClCompile>
    <ClCompile Include="Source\WeaponInfo\LaserBlaster.cpp">
      <Filter>WeaponInfo</Filter>
    </ClCompile>
    <ClCompile Include="Source\Projectile\Laser.cpp">
      <Filter>Projectile</Filter>
    </ClCompile>
    <ClCompile Include="Source\SceneGraph\SceneGraph.cpp">
      <Filter>SceneGraph</Filter>
    </ClCompile>
    <ClCompile Include="Source\SceneGraph\Transform.cpp">
      <Filter>SceneGraph</Filter>
    </ClCompile>
    <ClCompile Include="Source\SceneGraph\SceneNode.cpp">
      <Filter>SceneGraph</Filter>
    </ClCompile>
    <ClCompile Include="Source\SceneGraph\UpdateTransformation.cpp">
      <Filter>SceneGraph</Filter>
    </ClCompile>
    <ClCompile Include="Source\SpatialPartition\Grid.cpp">
      <Filter>SpatialPartition</Filter>
    </ClCompile>
    <ClCompile Include="Source\SpatialPartition\SpatialPartition.cpp">
      <Filter>SpatialPartition</Filter>
    </ClCompile>
    <ClCompile Include="Source\WeaponInfo\GrenadeThrow.cpp">
      <Filter>WeaponInfo</Filter>
    </ClCompile>
    <ClCompile Include="Source\Projectile\Grenade.cpp">
      <Filter>Projectile</Filter>
    </ClCompile>
    <ClCompile Include="Source\LevelOfDetails\LevelOfDetails.cpp">
      <Filter>LevelOfDetails</Filter>
    </ClCompile>
    <ClCompile Include="Source\Enemy\Enemy.cpp">
      <Filter>Enemy</Filter>
    </ClCompile>
    <ClCompile Include="Source\Application.cpp">
      <Filter>Application</Filter>
    </ClCompile>
    <ClCompile Include="Source\EntityManager.cpp">
      <Filter>EntityManager</Filter>
    </ClCompile>
    <ClCompile Include="Source\FPSCamera.cpp">
      <Filter>FPSCamera</Filter>
    </ClCompile>
    <ClCompile Include="Source\GenericEntity.cpp">
      <Filter>GenericEntity</Filter>
    </ClCompile>
    <ClCompile Include="Source\GroundEntity.cpp">
      <Filter>GroundEntity</Filter>
    </ClCompile>
    <ClCompile Include="Source\Light.cpp">
      <Filter>Light</Filter>
    </ClCompile>
    <ClCompile Include="Source\OBJMesh.cpp">
      <Filter>OBJMesh</Filter>
    </ClCompile>
    <ClCompile Include="Source\SceneText.cpp">
      <Filter>SceneText</Filter>
    </ClCompile>
    <ClCompile Include="Source\SpriteEntity.cpp">
      <Filter>SpriteEntity</Filter>
    </ClCompile>
    <ClCompile Include="Source\Terrain\TerrainManager.cpp">
      <Filter>TerrainManager</Filter>
    </ClCompile>
    <ClCompile Include="Source\TextEntity.cpp">
      <Filter>TextEntity</Filter>
    </ClCompile>
    <ClCompile Include="Source\WeaponInfo\Bow.cpp">
      <Filter>WeaponInfo</Filter>
    </ClCompile>
    <ClCompile Include="Source\Projectile\Arrow.cpp">
      <Filter>Projectile</Filter>
    </ClCompile>
    <ClCompile Include="Source\SceneEditor.cpp">
      <Filter>SceneEditor</Filter>
    </ClCompile>
    <ClCompile Include="Source\Enemy\Wolf.cpp">
      <Filter>Source Files</Filter>
    </ClCompile>
    <ClCompile Include="Source\Animal\Sheep.cpp">
      <Filter>Source Files</Filter>
    </ClCompile>
    <ClCompile Include="Source\Animal\Pig.cpp">
      <Filter>Source Files</Filter>
    </ClCompile>
  </ItemGroup>
  <ItemGroup>
    <ClInclude Include="Source\PlayerInfo\PlayerInfo.h">
      <Filter>PlayerInfo</Filter>
    </ClInclude>
    <ClInclude Include="Source\Projectile\Projectile.h">
      <Filter>Projectile</Filter>
    </ClInclude>
    <ClInclude Include="Source\SkyBox\SkyBoxEntity.h">
      <Filter>SkyBox</Filter>
    </ClInclude>
    <ClInclude Include="Source\WeaponInfo\Pistol.h">
      <Filter>WeaponInfo</Filter>
    </ClInclude>
    <ClInclude Include="Source\WeaponInfo\WeaponInfo.h">
      <Filter>WeaponInfo</Filter>
    </ClInclude>
    <ClInclude Include="Source\WeaponInfo\LaserBlaster.h">
      <Filter>WeaponInfo</Filter>
    </ClInclude>
    <ClInclude Include="Source\Projectile\Laser.h">
      <Filter>Projectile</Filter>
    </ClInclude>
    <ClInclude Include="Source\SceneGraph\SceneGraph.h">
      <Filter>SceneGraph</Filter>
    </ClInclude>
    <ClInclude Include="Source\SceneGraph\Transform.h">
      <Filter>SceneGraph</Filter>
    </ClInclude>
    <ClInclude Include="Source\SceneGraph\SceneNode.h">
      <Filter>SceneGraph</Filter>
    </ClInclude>
    <ClInclude Include="Source\SceneGraph\UpdateTransformation.h">
      <Filter>SceneGraph</Filter>
    </ClInclude>
    <ClInclude Include="Source\SpatialPartition\Grid.h">
      <Filter>SpatialPartition</Filter>
    </ClInclude>
    <ClInclude Include="Source\SpatialPartition\SpatialPartition.h">
      <Filter>SpatialPartition</Filter>
    </ClInclude>
    <ClInclude Include="Source\WeaponInfo\GrenadeThrow.h">
      <Filter>WeaponInfo</Filter>
    </ClInclude>
    <ClInclude Include="Source\Projectile\Grenade.h">
      <Filter>Projectile</Filter>
    </ClInclude>
    <ClInclude Include="Source\LevelOfDetails\LevelOfDetails.h">
      <Filter>LevelOfDetails</Filter>
    </ClInclude>
    <ClInclude Include="Source\Enemy\Enemy.h">
      <Filter>Enemy</Filter>
    </ClInclude>
    <ClInclude Include="Source\Application.h">
      <Filter>Application</Filter>
    </ClInclude>
    <ClInclude Include="Source\EntityManager.h">
      <Filter>EntityManager</Filter>
    </ClInclude>
    <ClInclude Include="Source\FPSCamera.h">
      <Filter>FPSCamera</Filter>
    </ClInclude>
    <ClInclude Include="Source\GenericEntity.h">
      <Filter>GenericEntity</Filter>
    </ClInclude>
    <ClInclude Include="Source\GroundEntity.h">
      <Filter>GroundEntity</Filter>
    </ClInclude>
    <ClInclude Include="Source\Light.h">
      <Filter>Light</Filter>
    </ClInclude>
    <ClInclude Include="Source\OBJMesh.h">
      <Filter>OBJMesh</Filter>
    </ClInclude>
    <ClInclude Include="Source\SceneText.h">
      <Filter>SceneText</Filter>
    </ClInclude>
    <ClInclude Include="Source\SpriteEntity.h">
      <Filter>SpriteEntity</Filter>
    </ClInclude>
    <ClInclude Include="Source\Terrain\TerrainManager.h">
      <Filter>TerrainManager</Filter>
    </ClInclude>
    <ClInclude Include="Source\TextEntity.h">
      <Filter>TextEntity</Filter>
    </ClInclude>
    <ClInclude Include="Source\WeaponInfo\Bow.h">
      <Filter>WeaponInfo</Filter>
    </ClInclude>
    <ClInclude Include="Source\Projectile\Arrow.h">
      <Filter>Projectile</Filter>
    </ClInclude>
    <ClInclude Include="Source\SceneEditor.h">
      <Filter>SceneEditor</Filter>
    </ClInclude>
    <ClInclude Include="Source\Enemy\Wolf.h">
      <Filter>Header Files</Filter>
    </ClInclude>
    <ClInclude Include="Source\Animal\Sheep.h">
      <Filter>Header Files</Filter>
    </ClInclude>
    <ClInclude Include="Source\Animal\Pig.h">
      <Filter>Header Files</Filter>
    </ClInclude>
  </ItemGroup>
</Project>